// !$*UTF8*$!
{
	archiveVersion = 1;
	classes = {
	};
	objectVersion = 46;
	objects = {

/* Begin PBXBuildFile section */
		3354230B1A285E0C00AFA31F /* main.m in Sources */ = {isa = PBXBuildFile; fileRef = 3354230A1A285E0C00AFA31F /* main.m */; };
		335423161A285E0C00AFA31F /* Images.xcassets in Resources */ = {isa = PBXBuildFile; fileRef = 335423151A285E0C00AFA31F /* Images.xcassets */; };
		335423251A285E0C00AFA31F /* goldpushTests.m in Sources */ = {isa = PBXBuildFile; fileRef = 335423241A285E0C00AFA31F /* goldpushTests.m */; };
		335FDF3D1A3BEA44002BDA05 /* AppDelegate.m in Sources */ = {isa = PBXBuildFile; fileRef = 335FDF3C1A3BEA44002BDA05 /* AppDelegate.m */; };
		335FDF421A3BEA96002BDA05 /* registViewControl.m in Sources */ = {isa = PBXBuildFile; fileRef = 335FDF3F1A3BEA96002BDA05 /* registViewControl.m */; };
		335FDF431A3BEA96002BDA05 /* ViewController.m in Sources */ = {isa = PBXBuildFile; fileRef = 335FDF411A3BEA96002BDA05 /* ViewController.m */; };
		33849A251A3D1B0900AC121E /* ASIAuthenticationDialog.m in Sources */ = {isa = PBXBuildFile; fileRef = 338499F21A3D1B0900AC121E /* ASIAuthenticationDialog.m */; settings = {COMPILER_FLAGS = "-fno-objc-arc"; }; };
		33849A261A3D1B0900AC121E /* ASIDataCompressor.m in Sources */ = {isa = PBXBuildFile; fileRef = 338499F51A3D1B0900AC121E /* ASIDataCompressor.m */; settings = {COMPILER_FLAGS = "-fno-objc-arc"; }; };
		33849A271A3D1B0900AC121E /* ASIDataDecompressor.m in Sources */ = {isa = PBXBuildFile; fileRef = 338499F71A3D1B0900AC121E /* ASIDataDecompressor.m */; settings = {COMPILER_FLAGS = "-fno-objc-arc"; }; };
		33849A281A3D1B0900AC121E /* ASIDownloadCache.m in Sources */ = {isa = PBXBuildFile; fileRef = 338499F91A3D1B0900AC121E /* ASIDownloadCache.m */; settings = {COMPILER_FLAGS = "-fno-objc-arc"; }; };
		33849A291A3D1B0900AC121E /* ASIFormDataRequest.m in Sources */ = {isa = PBXBuildFile; fileRef = 338499FB1A3D1B0900AC121E /* ASIFormDataRequest.m */; settings = {COMPILER_FLAGS = "-fno-objc-arc"; }; };
		33849A2A1A3D1B0900AC121E /* ASIHTTPRequest.m in Sources */ = {isa = PBXBuildFile; fileRef = 338499FD1A3D1B0900AC121E /* ASIHTTPRequest.m */; settings = {COMPILER_FLAGS = "-fno-objc-arc"; }; };
		33849A2B1A3D1B0900AC121E /* ASIInputStream.m in Sources */ = {isa = PBXBuildFile; fileRef = 33849A011A3D1B0900AC121E /* ASIInputStream.m */; settings = {COMPILER_FLAGS = "-fno-objc-arc"; }; };
		33849A2C1A3D1B0900AC121E /* ASINetworkQueue.m in Sources */ = {isa = PBXBuildFile; fileRef = 33849A031A3D1B0900AC121E /* ASINetworkQueue.m */; settings = {COMPILER_FLAGS = "-fno-objc-arc"; }; };
		33849A2D1A3D1B0900AC121E /* ASIWebPageRequest.m in Sources */ = {isa = PBXBuildFile; fileRef = 33849A071A3D1B0900AC121E /* ASIWebPageRequest.m */; settings = {COMPILER_FLAGS = "-fno-objc-arc"; }; };
		33849A2E1A3D1B0900AC121E /* ASICloudFilesCDNRequest.m in Sources */ = {isa = PBXBuildFile; fileRef = 33849A0A1A3D1B0900AC121E /* ASICloudFilesCDNRequest.m */; settings = {COMPILER_FLAGS = "-fno-objc-arc"; }; };
		33849A2F1A3D1B0900AC121E /* ASICloudFilesContainer.m in Sources */ = {isa = PBXBuildFile; fileRef = 33849A0C1A3D1B0900AC121E /* ASICloudFilesContainer.m */; settings = {COMPILER_FLAGS = "-fno-objc-arc"; }; };
		33849A301A3D1B0900AC121E /* ASICloudFilesContainerRequest.m in Sources */ = {isa = PBXBuildFile; fileRef = 33849A0E1A3D1B0900AC121E /* ASICloudFilesContainerRequest.m */; settings = {COMPILER_FLAGS = "-fno-objc-arc"; }; };
		33849A311A3D1B0900AC121E /* ASICloudFilesContainerXMLParserDelegate.m in Sources */ = {isa = PBXBuildFile; fileRef = 33849A101A3D1B0900AC121E /* ASICloudFilesContainerXMLParserDelegate.m */; settings = {COMPILER_FLAGS = "-fno-objc-arc"; }; };
		33849A321A3D1B0900AC121E /* ASICloudFilesObject.m in Sources */ = {isa = PBXBuildFile; fileRef = 33849A121A3D1B0900AC121E /* ASICloudFilesObject.m */; settings = {COMPILER_FLAGS = "-fno-objc-arc"; }; };
		33849A331A3D1B0900AC121E /* ASICloudFilesObjectRequest.m in Sources */ = {isa = PBXBuildFile; fileRef = 33849A141A3D1B0900AC121E /* ASICloudFilesObjectRequest.m */; settings = {COMPILER_FLAGS = "-fno-objc-arc"; }; };
		33849A341A3D1B0900AC121E /* ASICloudFilesRequest.m in Sources */ = {isa = PBXBuildFile; fileRef = 33849A161A3D1B0900AC121E /* ASICloudFilesRequest.m */; settings = {COMPILER_FLAGS = "-fno-objc-arc"; }; };
		33849A351A3D1B0900AC121E /* ASIS3Bucket.m in Sources */ = {isa = PBXBuildFile; fileRef = 33849A1A1A3D1B0900AC121E /* ASIS3Bucket.m */; settings = {COMPILER_FLAGS = "-fno-objc-arc"; }; };
		33849A361A3D1B0900AC121E /* ASIS3BucketObject.m in Sources */ = {isa = PBXBuildFile; fileRef = 33849A1C1A3D1B0900AC121E /* ASIS3BucketObject.m */; settings = {COMPILER_FLAGS = "-fno-objc-arc"; }; };
		33849A371A3D1B0900AC121E /* ASIS3BucketRequest.m in Sources */ = {isa = PBXBuildFile; fileRef = 33849A1E1A3D1B0900AC121E /* ASIS3BucketRequest.m */; settings = {COMPILER_FLAGS = "-fno-objc-arc"; }; };
		33849A381A3D1B0900AC121E /* ASIS3ObjectRequest.m in Sources */ = {isa = PBXBuildFile; fileRef = 33849A201A3D1B0900AC121E /* ASIS3ObjectRequest.m */; settings = {COMPILER_FLAGS = "-fno-objc-arc"; }; };
		33849A391A3D1B0900AC121E /* ASIS3Request.m in Sources */ = {isa = PBXBuildFile; fileRef = 33849A221A3D1B0900AC121E /* ASIS3Request.m */; settings = {COMPILER_FLAGS = "-fno-objc-arc"; }; };
		33849A3A1A3D1B0900AC121E /* ASIS3ServiceRequest.m in Sources */ = {isa = PBXBuildFile; fileRef = 33849A241A3D1B0900AC121E /* ASIS3ServiceRequest.m */; settings = {COMPILER_FLAGS = "-fno-objc-arc"; }; };
		33849A3D1A3D1B4000AC121E /* baseRequest.m in Sources */ = {isa = PBXBuildFile; fileRef = 33849A3C1A3D1B4000AC121E /* baseRequest.m */; };
		33849A3F1A3D1D5500AC121E /* libxml2.dylib in Frameworks */ = {isa = PBXBuildFile; fileRef = 33849A3E1A3D1D5500AC121E /* libxml2.dylib */; };
		33849A481A3D233B00AC121E /* Reachability.m in Sources */ = {isa = PBXBuildFile; fileRef = 33849A471A3D233B00AC121E /* Reachability.m */; settings = {COMPILER_FLAGS = "-fno-objc-arc"; }; };
		33849A4A1A3D244100AC121E /* CFNetwork.framework in Frameworks */ = {isa = PBXBuildFile; fileRef = 33849A491A3D244100AC121E /* CFNetwork.framework */; };
		33849A4C1A3D24AF00AC121E /* libz.dylib in Frameworks */ = {isa = PBXBuildFile; fileRef = 33849A4B1A3D24AF00AC121E /* libz.dylib */; };
		339A32701A3D39AB00E0316A /* BaseHandler.m in Sources */ = {isa = PBXBuildFile; fileRef = 339A326F1A3D39AB00E0316A /* BaseHandler.m */; };
		339A32731A3D73E900E0316A /* regist.m in Sources */ = {isa = PBXBuildFile; fileRef = 339A32721A3D73E900E0316A /* regist.m */; };
		339A32791A3D7A7E00E0316A /* SVProgressHUD.bundle in Resources */ = {isa = PBXBuildFile; fileRef = 339A32761A3D7A7E00E0316A /* SVProgressHUD.bundle */; };
		339A327A1A3D7A7E00E0316A /* SVProgressHUD.m in Sources */ = {isa = PBXBuildFile; fileRef = 339A32781A3D7A7E00E0316A /* SVProgressHUD.m */; };
		339A327D1A3D842400E0316A /* registModel.m in Sources */ = {isa = PBXBuildFile; fileRef = 339A327C1A3D842400E0316A /* registModel.m */; };
		339A32801A3D884200E0316A /* registHandler.m in Sources */ = {isa = PBXBuildFile; fileRef = 339A327F1A3D884200E0316A /* registHandler.m */; };
		6F2069E91A51107600B398C6 /* dudu.m4a in Resources */ = {isa = PBXBuildFile; fileRef = 6F2069E71A51107600B398C6 /* dudu.m4a */; };
		6F2069EA1A51107600B398C6 /* ringing.m4a in Resources */ = {isa = PBXBuildFile; fileRef = 6F2069E81A51107600B398C6 /* ringing.m4a */; };
		6F2069ED1A5127F900B398C6 /* confirmState.m in Sources */ = {isa = PBXBuildFile; fileRef = 6F2069EC1A5127F900B398C6 /* confirmState.m */; };
		6F2069F01A512B7800B398C6 /* confirmStateHandler.m in Sources */ = {isa = PBXBuildFile; fileRef = 6F2069EF1A512B7800B398C6 /* confirmStateHandler.m */; };
		6F2069F31A512CD500B398C6 /* stateModel.m in Sources */ = {isa = PBXBuildFile; fileRef = 6F2069F21A512CD500B398C6 /* stateModel.m */; };
		6F2B2A2F1A64F4750026CFDC /* messageHandler.m in Sources */ = {isa = PBXBuildFile; fileRef = 6F2B2A2E1A64F4750026CFDC /* messageHandler.m */; };
		6F2B2A321A64F7930026CFDC /* messageModel.m in Sources */ = {isa = PBXBuildFile; fileRef = 6F2B2A311A64F7930026CFDC /* messageModel.m */; };
		6F2B2A351A64FA520026CFDC /* db.m in Sources */ = {isa = PBXBuildFile; fileRef = 6F2B2A341A64FA520026CFDC /* db.m */; };
		6F2B2A381A6504D90026CFDC /* messagedb.m in Sources */ = {isa = PBXBuildFile; fileRef = 6F2B2A371A6504D90026CFDC /* messagedb.m */; };
		6F2B2A3B1A6520C90026CFDC /* messageListViewController.m in Sources */ = {isa = PBXBuildFile; fileRef = 6F2B2A3A1A6520C90026CFDC /* messageListViewController.m */; };
		6F5829361A660DE5001B6225 /* getMessage.m in Sources */ = {isa = PBXBuildFile; fileRef = 6F5829351A660DE5001B6225 /* getMessage.m */; };
		6F5829391A663BD8001B6225 /* messageCell.m in Sources */ = {isa = PBXBuildFile; fileRef = 6F5829381A663BD8001B6225 /* messageCell.m */; };
		6F58293C1A6664A2001B6225 /* getLastMessage.m in Sources */ = {isa = PBXBuildFile; fileRef = 6F58293B1A6664A2001B6225 /* getLastMessage.m */; };
		6F6163141A47B80C005A03D3 /* pushHandler.m in Sources */ = {isa = PBXBuildFile; fileRef = 6F6163131A47B80C005A03D3 /* pushHandler.m */; };
		6F6163171A47BE08005A03D3 /* myStorage.m in Sources */ = {isa = PBXBuildFile; fileRef = 6F6163161A47BE08005A03D3 /* myStorage.m */; };
		CAAE283079962BA5BE55BD71 /* libPods.a in Frameworks */ = {isa = PBXBuildFile; fileRef = DB199E6346C1EA247319435B /* libPods.a */; };
/* End PBXBuildFile section */

/* Begin PBXContainerItemProxy section */
		3354231F1A285E0C00AFA31F /* PBXContainerItemProxy */ = {
			isa = PBXContainerItemProxy;
			containerPortal = 335422FD1A285E0C00AFA31F /* Project object */;
			proxyType = 1;
			remoteGlobalIDString = 335423041A285E0C00AFA31F;
			remoteInfo = goldpush;
		};
/* End PBXContainerItemProxy section */

/* Begin PBXFileReference section */
		335423051A285E0C00AFA31F /* goldpush.app */ = {isa = PBXFileReference; explicitFileType = wrapper.application; includeInIndex = 0; path = goldpush.app; sourceTree = BUILT_PRODUCTS_DIR; };
		335423091A285E0C00AFA31F /* Info.plist */ = {isa = PBXFileReference; lastKnownFileType = text.plist.xml; path = Info.plist; sourceTree = "<group>"; };
		3354230A1A285E0C00AFA31F /* main.m */ = {isa = PBXFileReference; lastKnownFileType = sourcecode.c.objc; path = main.m; sourceTree = "<group>"; };
		335423151A285E0C00AFA31F /* Images.xcassets */ = {isa = PBXFileReference; lastKnownFileType = folder.assetcatalog; path = Images.xcassets; sourceTree = "<group>"; };
		3354231E1A285E0C00AFA31F /* goldpushTests.xctest */ = {isa = PBXFileReference; explicitFileType = wrapper.cfbundle; includeInIndex = 0; path = goldpushTests.xctest; sourceTree = BUILT_PRODUCTS_DIR; };
		335423231A285E0C00AFA31F /* Info.plist */ = {isa = PBXFileReference; lastKnownFileType = text.plist.xml; path = Info.plist; sourceTree = "<group>"; };
		335423241A285E0C00AFA31F /* goldpushTests.m */ = {isa = PBXFileReference; lastKnownFileType = sourcecode.c.objc; path = goldpushTests.m; sourceTree = "<group>"; };
		335FDF3B1A3BEA44002BDA05 /* AppDelegate.h */ = {isa = PBXFileReference; fileEncoding = 4; lastKnownFileType = sourcecode.c.h; name = AppDelegate.h; path = Application/AppDelegate.h; sourceTree = "<group>"; };
		335FDF3C1A3BEA44002BDA05 /* AppDelegate.m */ = {isa = PBXFileReference; fileEncoding = 4; lastKnownFileType = sourcecode.c.objc; name = AppDelegate.m; path = Application/AppDelegate.m; sourceTree = "<group>"; };
		335FDF3E1A3BEA96002BDA05 /* registViewControl.h */ = {isa = PBXFileReference; fileEncoding = 4; lastKnownFileType = sourcecode.c.h; name = registViewControl.h; path = Controller/registViewControl.h; sourceTree = "<group>"; };
		335FDF3F1A3BEA96002BDA05 /* registViewControl.m */ = {isa = PBXFileReference; fileEncoding = 4; lastKnownFileType = sourcecode.c.objc; name = registViewControl.m; path = Controller/registViewControl.m; sourceTree = "<group>"; };
		335FDF401A3BEA96002BDA05 /* ViewController.h */ = {isa = PBXFileReference; fileEncoding = 4; lastKnownFileType = sourcecode.c.h; name = ViewController.h; path = Controller/ViewController.h; sourceTree = "<group>"; };
		335FDF411A3BEA96002BDA05 /* ViewController.m */ = {isa = PBXFileReference; fileEncoding = 4; lastKnownFileType = sourcecode.c.objc; name = ViewController.m; path = Controller/ViewController.m; sourceTree = "<group>"; };
		338499F11A3D1B0900AC121E /* ASIAuthenticationDialog.h */ = {isa = PBXFileReference; fileEncoding = 4; lastKnownFileType = sourcecode.c.h; path = ASIAuthenticationDialog.h; sourceTree = "<group>"; };
		338499F21A3D1B0900AC121E /* ASIAuthenticationDialog.m */ = {isa = PBXFileReference; fileEncoding = 4; lastKnownFileType = sourcecode.c.objc; path = ASIAuthenticationDialog.m; sourceTree = "<group>"; };
		338499F31A3D1B0900AC121E /* ASICacheDelegate.h */ = {isa = PBXFileReference; fileEncoding = 4; lastKnownFileType = sourcecode.c.h; path = ASICacheDelegate.h; sourceTree = "<group>"; };
		338499F41A3D1B0900AC121E /* ASIDataCompressor.h */ = {isa = PBXFileReference; fileEncoding = 4; lastKnownFileType = sourcecode.c.h; path = ASIDataCompressor.h; sourceTree = "<group>"; };
		338499F51A3D1B0900AC121E /* ASIDataCompressor.m */ = {isa = PBXFileReference; fileEncoding = 4; lastKnownFileType = sourcecode.c.objc; path = ASIDataCompressor.m; sourceTree = "<group>"; };
		338499F61A3D1B0900AC121E /* ASIDataDecompressor.h */ = {isa = PBXFileReference; fileEncoding = 4; lastKnownFileType = sourcecode.c.h; path = ASIDataDecompressor.h; sourceTree = "<group>"; };
		338499F71A3D1B0900AC121E /* ASIDataDecompressor.m */ = {isa = PBXFileReference; fileEncoding = 4; lastKnownFileType = sourcecode.c.objc; path = ASIDataDecompressor.m; sourceTree = "<group>"; };
		338499F81A3D1B0900AC121E /* ASIDownloadCache.h */ = {isa = PBXFileReference; fileEncoding = 4; lastKnownFileType = sourcecode.c.h; path = ASIDownloadCache.h; sourceTree = "<group>"; };
		338499F91A3D1B0900AC121E /* ASIDownloadCache.m */ = {isa = PBXFileReference; fileEncoding = 4; lastKnownFileType = sourcecode.c.objc; path = ASIDownloadCache.m; sourceTree = "<group>"; };
		338499FA1A3D1B0900AC121E /* ASIFormDataRequest.h */ = {isa = PBXFileReference; fileEncoding = 4; lastKnownFileType = sourcecode.c.h; path = ASIFormDataRequest.h; sourceTree = "<group>"; };
		338499FB1A3D1B0900AC121E /* ASIFormDataRequest.m */ = {isa = PBXFileReference; fileEncoding = 4; lastKnownFileType = sourcecode.c.objc; path = ASIFormDataRequest.m; sourceTree = "<group>"; };
		338499FC1A3D1B0900AC121E /* ASIHTTPRequest.h */ = {isa = PBXFileReference; fileEncoding = 4; lastKnownFileType = sourcecode.c.h; path = ASIHTTPRequest.h; sourceTree = "<group>"; };
		338499FD1A3D1B0900AC121E /* ASIHTTPRequest.m */ = {isa = PBXFileReference; fileEncoding = 4; lastKnownFileType = sourcecode.c.objc; path = ASIHTTPRequest.m; sourceTree = "<group>"; };
		338499FE1A3D1B0900AC121E /* ASIHTTPRequestConfig.h */ = {isa = PBXFileReference; fileEncoding = 4; lastKnownFileType = sourcecode.c.h; path = ASIHTTPRequestConfig.h; sourceTree = "<group>"; };
		338499FF1A3D1B0900AC121E /* ASIHTTPRequestDelegate.h */ = {isa = PBXFileReference; fileEncoding = 4; lastKnownFileType = sourcecode.c.h; path = ASIHTTPRequestDelegate.h; sourceTree = "<group>"; };
		33849A001A3D1B0900AC121E /* ASIInputStream.h */ = {isa = PBXFileReference; fileEncoding = 4; lastKnownFileType = sourcecode.c.h; path = ASIInputStream.h; sourceTree = "<group>"; };
		33849A011A3D1B0900AC121E /* ASIInputStream.m */ = {isa = PBXFileReference; fileEncoding = 4; lastKnownFileType = sourcecode.c.objc; path = ASIInputStream.m; sourceTree = "<group>"; };
		33849A021A3D1B0900AC121E /* ASINetworkQueue.h */ = {isa = PBXFileReference; fileEncoding = 4; lastKnownFileType = sourcecode.c.h; path = ASINetworkQueue.h; sourceTree = "<group>"; };
		33849A031A3D1B0900AC121E /* ASINetworkQueue.m */ = {isa = PBXFileReference; fileEncoding = 4; lastKnownFileType = sourcecode.c.objc; path = ASINetworkQueue.m; sourceTree = "<group>"; };
		33849A041A3D1B0900AC121E /* ASIProgressDelegate.h */ = {isa = PBXFileReference; fileEncoding = 4; lastKnownFileType = sourcecode.c.h; path = ASIProgressDelegate.h; sourceTree = "<group>"; };
		33849A061A3D1B0900AC121E /* ASIWebPageRequest.h */ = {isa = PBXFileReference; fileEncoding = 4; lastKnownFileType = sourcecode.c.h; path = ASIWebPageRequest.h; sourceTree = "<group>"; };
		33849A071A3D1B0900AC121E /* ASIWebPageRequest.m */ = {isa = PBXFileReference; fileEncoding = 4; lastKnownFileType = sourcecode.c.objc; path = ASIWebPageRequest.m; sourceTree = "<group>"; };
		33849A091A3D1B0900AC121E /* ASICloudFilesCDNRequest.h */ = {isa = PBXFileReference; fileEncoding = 4; lastKnownFileType = sourcecode.c.h; path = ASICloudFilesCDNRequest.h; sourceTree = "<group>"; };
		33849A0A1A3D1B0900AC121E /* ASICloudFilesCDNRequest.m */ = {isa = PBXFileReference; fileEncoding = 4; lastKnownFileType = sourcecode.c.objc; path = ASICloudFilesCDNRequest.m; sourceTree = "<group>"; };
		33849A0B1A3D1B0900AC121E /* ASICloudFilesContainer.h */ = {isa = PBXFileReference; fileEncoding = 4; lastKnownFileType = sourcecode.c.h; path = ASICloudFilesContainer.h; sourceTree = "<group>"; };
		33849A0C1A3D1B0900AC121E /* ASICloudFilesContainer.m */ = {isa = PBXFileReference; fileEncoding = 4; lastKnownFileType = sourcecode.c.objc; path = ASICloudFilesContainer.m; sourceTree = "<group>"; };
		33849A0D1A3D1B0900AC121E /* ASICloudFilesContainerRequest.h */ = {isa = PBXFileReference; fileEncoding = 4; lastKnownFileType = sourcecode.c.h; path = ASICloudFilesContainerRequest.h; sourceTree = "<group>"; };
		33849A0E1A3D1B0900AC121E /* ASICloudFilesContainerRequest.m */ = {isa = PBXFileReference; fileEncoding = 4; lastKnownFileType = sourcecode.c.objc; path = ASICloudFilesContainerRequest.m; sourceTree = "<group>"; };
		33849A0F1A3D1B0900AC121E /* ASICloudFilesContainerXMLParserDelegate.h */ = {isa = PBXFileReference; fileEncoding = 4; lastKnownFileType = sourcecode.c.h; path = ASICloudFilesContainerXMLParserDelegate.h; sourceTree = "<group>"; };
		33849A101A3D1B0900AC121E /* ASICloudFilesContainerXMLParserDelegate.m */ = {isa = PBXFileReference; fileEncoding = 4; lastKnownFileType = sourcecode.c.objc; path = ASICloudFilesContainerXMLParserDelegate.m; sourceTree = "<group>"; };
		33849A111A3D1B0900AC121E /* ASICloudFilesObject.h */ = {isa = PBXFileReference; fileEncoding = 4; lastKnownFileType = sourcecode.c.h; path = ASICloudFilesObject.h; sourceTree = "<group>"; };
		33849A121A3D1B0900AC121E /* ASICloudFilesObject.m */ = {isa = PBXFileReference; fileEncoding = 4; lastKnownFileType = sourcecode.c.objc; path = ASICloudFilesObject.m; sourceTree = "<group>"; };
		33849A131A3D1B0900AC121E /* ASICloudFilesObjectRequest.h */ = {isa = PBXFileReference; fileEncoding = 4; lastKnownFileType = sourcecode.c.h; path = ASICloudFilesObjectRequest.h; sourceTree = "<group>"; };
		33849A141A3D1B0900AC121E /* ASICloudFilesObjectRequest.m */ = {isa = PBXFileReference; fileEncoding = 4; lastKnownFileType = sourcecode.c.objc; path = ASICloudFilesObjectRequest.m; sourceTree = "<group>"; };
		33849A151A3D1B0900AC121E /* ASICloudFilesRequest.h */ = {isa = PBXFileReference; fileEncoding = 4; lastKnownFileType = sourcecode.c.h; path = ASICloudFilesRequest.h; sourceTree = "<group>"; };
		33849A161A3D1B0900AC121E /* ASICloudFilesRequest.m */ = {isa = PBXFileReference; fileEncoding = 4; lastKnownFileType = sourcecode.c.objc; path = ASICloudFilesRequest.m; sourceTree = "<group>"; };
		33849A181A3D1B0900AC121E /* ASINSXMLParserCompat.h */ = {isa = PBXFileReference; fileEncoding = 4; lastKnownFileType = sourcecode.c.h; path = ASINSXMLParserCompat.h; sourceTree = "<group>"; };
		33849A191A3D1B0900AC121E /* ASIS3Bucket.h */ = {isa = PBXFileReference; fileEncoding = 4; lastKnownFileType = sourcecode.c.h; path = ASIS3Bucket.h; sourceTree = "<group>"; };
		33849A1A1A3D1B0900AC121E /* ASIS3Bucket.m */ = {isa = PBXFileReference; fileEncoding = 4; lastKnownFileType = sourcecode.c.objc; path = ASIS3Bucket.m; sourceTree = "<group>"; };
		33849A1B1A3D1B0900AC121E /* ASIS3BucketObject.h */ = {isa = PBXFileReference; fileEncoding = 4; lastKnownFileType = sourcecode.c.h; path = ASIS3BucketObject.h; sourceTree = "<group>"; };
		33849A1C1A3D1B0900AC121E /* ASIS3BucketObject.m */ = {isa = PBXFileReference; fileEncoding = 4; lastKnownFileType = sourcecode.c.objc; path = ASIS3BucketObject.m; sourceTree = "<group>"; };
		33849A1D1A3D1B0900AC121E /* ASIS3BucketRequest.h */ = {isa = PBXFileReference; fileEncoding = 4; lastKnownFileType = sourcecode.c.h; path = ASIS3BucketRequest.h; sourceTree = "<group>"; };
		33849A1E1A3D1B0900AC121E /* ASIS3BucketRequest.m */ = {isa = PBXFileReference; fileEncoding = 4; lastKnownFileType = sourcecode.c.objc; path = ASIS3BucketRequest.m; sourceTree = "<group>"; };
		33849A1F1A3D1B0900AC121E /* ASIS3ObjectRequest.h */ = {isa = PBXFileReference; fileEncoding = 4; lastKnownFileType = sourcecode.c.h; path = ASIS3ObjectRequest.h; sourceTree = "<group>"; };
		33849A201A3D1B0900AC121E /* ASIS3ObjectRequest.m */ = {isa = PBXFileReference; fileEncoding = 4; lastKnownFileType = sourcecode.c.objc; path = ASIS3ObjectRequest.m; sourceTree = "<group>"; };
		33849A211A3D1B0900AC121E /* ASIS3Request.h */ = {isa = PBXFileReference; fileEncoding = 4; lastKnownFileType = sourcecode.c.h; path = ASIS3Request.h; sourceTree = "<group>"; };
		33849A221A3D1B0900AC121E /* ASIS3Request.m */ = {isa = PBXFileReference; fileEncoding = 4; lastKnownFileType = sourcecode.c.objc; path = ASIS3Request.m; sourceTree = "<group>"; };
		33849A231A3D1B0900AC121E /* ASIS3ServiceRequest.h */ = {isa = PBXFileReference; fileEncoding = 4; lastKnownFileType = sourcecode.c.h; path = ASIS3ServiceRequest.h; sourceTree = "<group>"; };
		33849A241A3D1B0900AC121E /* ASIS3ServiceRequest.m */ = {isa = PBXFileReference; fileEncoding = 4; lastKnownFileType = sourcecode.c.objc; path = ASIS3ServiceRequest.m; sourceTree = "<group>"; };
		33849A3B1A3D1B4000AC121E /* baseRequest.h */ = {isa = PBXFileReference; fileEncoding = 4; lastKnownFileType = sourcecode.c.h; name = baseRequest.h; path = Base/baseRequest.h; sourceTree = "<group>"; };
		33849A3C1A3D1B4000AC121E /* baseRequest.m */ = {isa = PBXFileReference; fileEncoding = 4; lastKnownFileType = sourcecode.c.objc; name = baseRequest.m; path = Base/baseRequest.m; sourceTree = "<group>"; };
		33849A3E1A3D1D5500AC121E /* libxml2.dylib */ = {isa = PBXFileReference; lastKnownFileType = "compiled.mach-o.dylib"; name = libxml2.dylib; path = usr/lib/libxml2.dylib; sourceTree = SDKROOT; };
		33849A411A3D1E1C00AC121E /* commondef.h */ = {isa = PBXFileReference; lastKnownFileType = sourcecode.c.h; name = commondef.h; path = Application/commondef.h; sourceTree = "<group>"; };
		33849A421A3D1F1500AC121E /* todayios-Prefix.pch */ = {isa = PBXFileReference; lastKnownFileType = sourcecode.c.h; path = "todayios-Prefix.pch"; sourceTree = "<group>"; };
		33849A461A3D233B00AC121E /* Reachability.h */ = {isa = PBXFileReference; fileEncoding = 4; lastKnownFileType = sourcecode.c.h; path = Reachability.h; sourceTree = "<group>"; };
		33849A471A3D233B00AC121E /* Reachability.m */ = {isa = PBXFileReference; fileEncoding = 4; lastKnownFileType = sourcecode.c.objc; path = Reachability.m; sourceTree = "<group>"; };
		33849A491A3D244100AC121E /* CFNetwork.framework */ = {isa = PBXFileReference; lastKnownFileType = wrapper.framework; name = CFNetwork.framework; path = System/Library/Frameworks/CFNetwork.framework; sourceTree = SDKROOT; };
		33849A4B1A3D24AF00AC121E /* libz.dylib */ = {isa = PBXFileReference; lastKnownFileType = "compiled.mach-o.dylib"; name = libz.dylib; path = usr/lib/libz.dylib; sourceTree = SDKROOT; };
		339A326E1A3D39AB00E0316A /* BaseHandler.h */ = {isa = PBXFileReference; fileEncoding = 4; lastKnownFileType = sourcecode.c.h; name = BaseHandler.h; path = Base/BaseHandler.h; sourceTree = "<group>"; };
		339A326F1A3D39AB00E0316A /* BaseHandler.m */ = {isa = PBXFileReference; fileEncoding = 4; lastKnownFileType = sourcecode.c.objc; name = BaseHandler.m; path = Base/BaseHandler.m; sourceTree = "<group>"; };
		339A32711A3D73E900E0316A /* regist.h */ = {isa = PBXFileReference; fileEncoding = 4; lastKnownFileType = sourcecode.c.h; name = regist.h; path = Network/regist.h; sourceTree = "<group>"; };
		339A32721A3D73E900E0316A /* regist.m */ = {isa = PBXFileReference; fileEncoding = 4; lastKnownFileType = sourcecode.c.objc; name = regist.m; path = Network/regist.m; sourceTree = "<group>"; };
		339A32741A3D756700E0316A /* notificationdef.h */ = {isa = PBXFileReference; lastKnownFileType = sourcecode.c.h; name = notificationdef.h; path = Application/notificationdef.h; sourceTree = "<group>"; };
		339A32761A3D7A7E00E0316A /* SVProgressHUD.bundle */ = {isa = PBXFileReference; lastKnownFileType = "wrapper.plug-in"; path = SVProgressHUD.bundle; sourceTree = "<group>"; };
		339A32771A3D7A7E00E0316A /* SVProgressHUD.h */ = {isa = PBXFileReference; fileEncoding = 4; lastKnownFileType = sourcecode.c.h; path = SVProgressHUD.h; sourceTree = "<group>"; };
		339A32781A3D7A7E00E0316A /* SVProgressHUD.m */ = {isa = PBXFileReference; fileEncoding = 4; lastKnownFileType = sourcecode.c.objc; path = SVProgressHUD.m; sourceTree = "<group>"; };
		339A327B1A3D842400E0316A /* registModel.h */ = {isa = PBXFileReference; fileEncoding = 4; lastKnownFileType = sourcecode.c.h; name = registModel.h; path = Model/registModel.h; sourceTree = "<group>"; };
		339A327C1A3D842400E0316A /* registModel.m */ = {isa = PBXFileReference; fileEncoding = 4; lastKnownFileType = sourcecode.c.objc; name = registModel.m; path = Model/registModel.m; sourceTree = "<group>"; };
		339A327E1A3D884200E0316A /* registHandler.h */ = {isa = PBXFileReference; fileEncoding = 4; lastKnownFileType = sourcecode.c.h; name = registHandler.h; path = Handler/registHandler.h; sourceTree = "<group>"; };
		339A327F1A3D884200E0316A /* registHandler.m */ = {isa = PBXFileReference; fileEncoding = 4; lastKnownFileType = sourcecode.c.objc; name = registHandler.m; path = Handler/registHandler.m; sourceTree = "<group>"; };
		5696BCDDEFF88D2C624C8073 /* Pods.release.xcconfig */ = {isa = PBXFileReference; includeInIndex = 1; lastKnownFileType = text.xcconfig; name = Pods.release.xcconfig; path = "Pods/Target Support Files/Pods/Pods.release.xcconfig"; sourceTree = "<group>"; };
		6F2069E71A51107600B398C6 /* dudu.m4a */ = {isa = PBXFileReference; lastKnownFileType = file; name = dudu.m4a; path = resources/sound/dudu.m4a; sourceTree = "<group>"; };
		6F2069E81A51107600B398C6 /* ringing.m4a */ = {isa = PBXFileReference; lastKnownFileType = file; name = ringing.m4a; path = resources/sound/ringing.m4a; sourceTree = "<group>"; };
		6F2069EB1A5127F900B398C6 /* confirmState.h */ = {isa = PBXFileReference; fileEncoding = 4; lastKnownFileType = sourcecode.c.h; name = confirmState.h; path = Network/confirmState.h; sourceTree = "<group>"; };
		6F2069EC1A5127F900B398C6 /* confirmState.m */ = {isa = PBXFileReference; fileEncoding = 4; lastKnownFileType = sourcecode.c.objc; name = confirmState.m; path = Network/confirmState.m; sourceTree = "<group>"; };
		6F2069EE1A512B7800B398C6 /* confirmStateHandler.h */ = {isa = PBXFileReference; fileEncoding = 4; lastKnownFileType = sourcecode.c.h; name = confirmStateHandler.h; path = Handler/confirmStateHandler.h; sourceTree = "<group>"; };
		6F2069EF1A512B7800B398C6 /* confirmStateHandler.m */ = {isa = PBXFileReference; fileEncoding = 4; lastKnownFileType = sourcecode.c.objc; name = confirmStateHandler.m; path = Handler/confirmStateHandler.m; sourceTree = "<group>"; };
		6F2069F11A512CD500B398C6 /* stateModel.h */ = {isa = PBXFileReference; fileEncoding = 4; lastKnownFileType = sourcecode.c.h; name = stateModel.h; path = Model/stateModel.h; sourceTree = "<group>"; };
		6F2069F21A512CD500B398C6 /* stateModel.m */ = {isa = PBXFileReference; fileEncoding = 4; lastKnownFileType = sourcecode.c.objc; name = stateModel.m; path = Model/stateModel.m; sourceTree = "<group>"; };
		6F2B2A2D1A64F4750026CFDC /* messageHandler.h */ = {isa = PBXFileReference; fileEncoding = 4; lastKnownFileType = sourcecode.c.h; name = messageHandler.h; path = Handler/messageHandler.h; sourceTree = "<group>"; };
		6F2B2A2E1A64F4750026CFDC /* messageHandler.m */ = {isa = PBXFileReference; fileEncoding = 4; lastKnownFileType = sourcecode.c.objc; name = messageHandler.m; path = Handler/messageHandler.m; sourceTree = "<group>"; };
		6F2B2A301A64F7930026CFDC /* messageModel.h */ = {isa = PBXFileReference; fileEncoding = 4; lastKnownFileType = sourcecode.c.h; name = messageModel.h; path = Model/messageModel.h; sourceTree = "<group>"; };
		6F2B2A311A64F7930026CFDC /* messageModel.m */ = {isa = PBXFileReference; fileEncoding = 4; lastKnownFileType = sourcecode.c.objc; name = messageModel.m; path = Model/messageModel.m; sourceTree = "<group>"; };
		6F2B2A331A64FA520026CFDC /* db.h */ = {isa = PBXFileReference; fileEncoding = 4; lastKnownFileType = sourcecode.c.h; name = db.h; path = Database/db.h; sourceTree = "<group>"; };
		6F2B2A341A64FA520026CFDC /* db.m */ = {isa = PBXFileReference; fileEncoding = 4; lastKnownFileType = sourcecode.c.objc; name = db.m; path = Database/db.m; sourceTree = "<group>"; };
		6F2B2A361A6504D90026CFDC /* messagedb.h */ = {isa = PBXFileReference; fileEncoding = 4; lastKnownFileType = sourcecode.c.h; name = messagedb.h; path = Database/messagedb.h; sourceTree = "<group>"; };
		6F2B2A371A6504D90026CFDC /* messagedb.m */ = {isa = PBXFileReference; fileEncoding = 4; lastKnownFileType = sourcecode.c.objc; name = messagedb.m; path = Database/messagedb.m; sourceTree = "<group>"; };
		6F2B2A391A6520C90026CFDC /* messageListViewController.h */ = {isa = PBXFileReference; fileEncoding = 4; lastKnownFileType = sourcecode.c.h; name = messageListViewController.h; path = Controller/messageListViewController.h; sourceTree = "<group>"; };
		6F2B2A3A1A6520C90026CFDC /* messageListViewController.m */ = {isa = PBXFileReference; fileEncoding = 4; lastKnownFileType = sourcecode.c.objc; name = messageListViewController.m; path = Controller/messageListViewController.m; sourceTree = "<group>"; };
		6F5829341A660DE5001B6225 /* getMessage.h */ = {isa = PBXFileReference; fileEncoding = 4; lastKnownFileType = sourcecode.c.h; name = getMessage.h; path = Network/getMessage.h; sourceTree = "<group>"; };
		6F5829351A660DE5001B6225 /* getMessage.m */ = {isa = PBXFileReference; fileEncoding = 4; lastKnownFileType = sourcecode.c.objc; name = getMessage.m; path = Network/getMessage.m; sourceTree = "<group>"; };
		6F5829371A663BD8001B6225 /* messageCell.h */ = {isa = PBXFileReference; fileEncoding = 4; lastKnownFileType = sourcecode.c.h; name = messageCell.h; path = View/messageList/messageCell.h; sourceTree = "<group>"; };
		6F5829381A663BD8001B6225 /* messageCell.m */ = {isa = PBXFileReference; fileEncoding = 4; lastKnownFileType = sourcecode.c.objc; name = messageCell.m; path = View/messageList/messageCell.m; sourceTree = "<group>"; };
		6F58293A1A6664A2001B6225 /* getLastMessage.h */ = {isa = PBXFileReference; fileEncoding = 4; lastKnownFileType = sourcecode.c.h; name = getLastMessage.h; path = Network/getLastMessage.h; sourceTree = "<group>"; };
		6F58293B1A6664A2001B6225 /* getLastMessage.m */ = {isa = PBXFileReference; fileEncoding = 4; lastKnownFileType = sourcecode.c.objc; name = getLastMessage.m; path = Network/getLastMessage.m; sourceTree = "<group>"; };
		6F6163121A47B80C005A03D3 /* pushHandler.h */ = {isa = PBXFileReference; fileEncoding = 4; lastKnownFileType = sourcecode.c.h; name = pushHandler.h; path = Handler/pushHandler.h; sourceTree = "<group>"; };
		6F6163131A47B80C005A03D3 /* pushHandler.m */ = {isa = PBXFileReference; fileEncoding = 4; lastKnownFileType = sourcecode.c.objc; name = pushHandler.m; path = Handler/pushHandler.m; sourceTree = "<group>"; };
		6F6163151A47BE08005A03D3 /* myStorage.h */ = {isa = PBXFileReference; fileEncoding = 4; lastKnownFileType = sourcecode.c.h; name = myStorage.h; path = Storage/myStorage.h; sourceTree = "<group>"; };
		6F6163161A47BE08005A03D3 /* myStorage.m */ = {isa = PBXFileReference; fileEncoding = 4; lastKnownFileType = sourcecode.c.objc; name = myStorage.m; path = Storage/myStorage.m; sourceTree = "<group>"; };
		B60B57C18BFC14E3A8A8BB53 /* Pods.debug.xcconfig */ = {isa = PBXFileReference; includeInIndex = 1; lastKnownFileType = text.xcconfig; name = Pods.debug.xcconfig; path = "Pods/Target Support Files/Pods/Pods.debug.xcconfig"; sourceTree = "<group>"; };
		DB199E6346C1EA247319435B /* libPods.a */ = {isa = PBXFileReference; explicitFileType = archive.ar; includeInIndex = 0; path = libPods.a; sourceTree = BUILT_PRODUCTS_DIR; };
/* End PBXFileReference section */

/* Begin PBXFrameworksBuildPhase section */
		335423021A285E0C00AFA31F /* Frameworks */ = {
			isa = PBXFrameworksBuildPhase;
			buildActionMask = 2147483647;
			files = (
				33849A4C1A3D24AF00AC121E /* libz.dylib in Frameworks */,
				33849A4A1A3D244100AC121E /* CFNetwork.framework in Frameworks */,
				33849A3F1A3D1D5500AC121E /* libxml2.dylib in Frameworks */,
				CAAE283079962BA5BE55BD71 /* libPods.a in Frameworks */,
			);
			runOnlyForDeploymentPostprocessing = 0;
		};
		3354231B1A285E0C00AFA31F /* Frameworks */ = {
			isa = PBXFrameworksBuildPhase;
			buildActionMask = 2147483647;
			files = (
			);
			runOnlyForDeploymentPostprocessing = 0;
		};
/* End PBXFrameworksBuildPhase section */

/* Begin PBXGroup section */
		335422FC1A285E0C00AFA31F = {
			isa = PBXGroup;
			children = (
				33849A401A3D1D7200AC121E /* frameworks */,
				335423071A285E0C00AFA31F /* goldpush */,
				335423211A285E0C00AFA31F /* goldpushTests */,
				335423061A285E0C00AFA31F /* Products */,
				87738480528D089FBA82A072 /* Pods */,
				B8C6FDBEF802FD0E04D48B87 /* Frameworks */,
			);
			sourceTree = "<group>";
		};
		335423061A285E0C00AFA31F /* Products */ = {
			isa = PBXGroup;
			children = (
				335423051A285E0C00AFA31F /* goldpush.app */,
				3354231E1A285E0C00AFA31F /* goldpushTests.xctest */,
			);
			name = Products;
			sourceTree = "<group>";
		};
		335423071A285E0C00AFA31F /* goldpush */ = {
			isa = PBXGroup;
			children = (
				335FDF3A1A3BE83D002BDA05 /* Resource */,
				335FDF391A3BE81D002BDA05 /* Categories */,
				335FDF381A3BE7F0002BDA05 /* Utils */,
				335FDF371A3BE7DF002BDA05 /* Database */,
				335FDF361A3BE76B002BDA05 /* Network */,
				335FDF351A3BE758002BDA05 /* Storage */,
				335FDF341A3BE73F002BDA05 /* Handler */,
				335FDF331A3BE717002BDA05 /* Model */,
				335FDF321A3BE708002BDA05 /* View */,
				335FDF311A3BE6CF002BDA05 /* Controller */,
				335FDF301A3BE6A6002BDA05 /* Base */,
				335FDF2F1A3BE663002BDA05 /* Application */,
				335423151A285E0C00AFA31F /* Images.xcassets */,
				335423081A285E0C00AFA31F /* Supporting Files */,
			);
			path = goldpush;
			sourceTree = "<group>";
		};
		335423081A285E0C00AFA31F /* Supporting Files */ = {
			isa = PBXGroup;
			children = (
				33849A421A3D1F1500AC121E /* todayios-Prefix.pch */,
				335423091A285E0C00AFA31F /* Info.plist */,
				3354230A1A285E0C00AFA31F /* main.m */,
			);
			name = "Supporting Files";
			sourceTree = "<group>";
		};
		335423211A285E0C00AFA31F /* goldpushTests */ = {
			isa = PBXGroup;
			children = (
				335423241A285E0C00AFA31F /* goldpushTests.m */,
				335423221A285E0C00AFA31F /* Supporting Files */,
			);
			path = goldpushTests;
			sourceTree = "<group>";
		};
		335423221A285E0C00AFA31F /* Supporting Files */ = {
			isa = PBXGroup;
			children = (
				335423231A285E0C00AFA31F /* Info.plist */,
			);
			name = "Supporting Files";
			sourceTree = "<group>";
		};
		335FDF2F1A3BE663002BDA05 /* Application */ = {
			isa = PBXGroup;
			children = (
				33849A411A3D1E1C00AC121E /* commondef.h */,
				335FDF3B1A3BEA44002BDA05 /* AppDelegate.h */,
				335FDF3C1A3BEA44002BDA05 /* AppDelegate.m */,
				339A32741A3D756700E0316A /* notificationdef.h */,
			);
			name = Application;
			sourceTree = "<group>";
		};
		335FDF301A3BE6A6002BDA05 /* Base */ = {
			isa = PBXGroup;
			children = (
				33849A3B1A3D1B4000AC121E /* baseRequest.h */,
				33849A3C1A3D1B4000AC121E /* baseRequest.m */,
				339A326E1A3D39AB00E0316A /* BaseHandler.h */,
				339A326F1A3D39AB00E0316A /* BaseHandler.m */,
			);
			name = Base;
			sourceTree = "<group>";
		};
		335FDF311A3BE6CF002BDA05 /* Controller */ = {
			isa = PBXGroup;
			children = (
				335FDF3E1A3BEA96002BDA05 /* registViewControl.h */,
				335FDF3F1A3BEA96002BDA05 /* registViewControl.m */,
				335FDF401A3BEA96002BDA05 /* ViewController.h */,
				335FDF411A3BEA96002BDA05 /* ViewController.m */,
				6F2B2A391A6520C90026CFDC /* messageListViewController.h */,
				6F2B2A3A1A6520C90026CFDC /* messageListViewController.m */,
			);
			name = Controller;
			sourceTree = "<group>";
		};
		335FDF321A3BE708002BDA05 /* View */ = {
			isa = PBXGroup;
			children = (
				6F2B2A3C1A6520F40026CFDC /* messageList */,
			);
			name = View;
			sourceTree = "<group>";
		};
		335FDF331A3BE717002BDA05 /* Model */ = {
			isa = PBXGroup;
			children = (
				339A327B1A3D842400E0316A /* registModel.h */,
				339A327C1A3D842400E0316A /* registModel.m */,
				6F2069F11A512CD500B398C6 /* stateModel.h */,
				6F2069F21A512CD500B398C6 /* stateModel.m */,
				6F2B2A301A64F7930026CFDC /* messageModel.h */,
				6F2B2A311A64F7930026CFDC /* messageModel.m */,
			);
			name = Model;
			sourceTree = "<group>";
		};
		335FDF341A3BE73F002BDA05 /* Handler */ = {
			isa = PBXGroup;
			children = (
				339A327E1A3D884200E0316A /* registHandler.h */,
				339A327F1A3D884200E0316A /* registHandler.m */,
				6F6163121A47B80C005A03D3 /* pushHandler.h */,
				6F6163131A47B80C005A03D3 /* pushHandler.m */,
				6F2069EE1A512B7800B398C6 /* confirmStateHandler.h */,
				6F2069EF1A512B7800B398C6 /* confirmStateHandler.m */,
				6F2B2A2D1A64F4750026CFDC /* messageHandler.h */,
				6F2B2A2E1A64F4750026CFDC /* messageHandler.m */,
			);
			name = Handler;
			sourceTree = "<group>";
		};
		335FDF351A3BE758002BDA05 /* Storage */ = {
			isa = PBXGroup;
			children = (
				6F6163151A47BE08005A03D3 /* myStorage.h */,
				6F6163161A47BE08005A03D3 /* myStorage.m */,
			);
			name = Storage;
			sourceTree = "<group>";
		};
		335FDF361A3BE76B002BDA05 /* Network */ = {
			isa = PBXGroup;
			children = (
				338499F01A3D1B0900AC121E /* asihttp */,
				339A32711A3D73E900E0316A /* regist.h */,
				339A32721A3D73E900E0316A /* regist.m */,
				6F2069EB1A5127F900B398C6 /* confirmState.h */,
				6F2069EC1A5127F900B398C6 /* confirmState.m */,
				6F5829341A660DE5001B6225 /* getMessage.h */,
				6F5829351A660DE5001B6225 /* getMessage.m */,
				6F58293A1A6664A2001B6225 /* getLastMessage.h */,
				6F58293B1A6664A2001B6225 /* getLastMessage.m */,
			);
			name = Network;
			sourceTree = "<group>";
		};
		335FDF371A3BE7DF002BDA05 /* Database */ = {
			isa = PBXGroup;
			children = (
				6F2B2A331A64FA520026CFDC /* db.h */,
				6F2B2A341A64FA520026CFDC /* db.m */,
				6F2B2A361A6504D90026CFDC /* messagedb.h */,
				6F2B2A371A6504D90026CFDC /* messagedb.m */,
			);
			name = Database;
			sourceTree = "<group>";
		};
		335FDF381A3BE7F0002BDA05 /* Utils */ = {
			isa = PBXGroup;
			children = (
				339A32751A3D7A7E00E0316A /* SVProgressHUD */,
				33849A451A3D233B00AC121E /* Reachability */,
			);
			name = Utils;
			sourceTree = "<group>";
		};
		335FDF391A3BE81D002BDA05 /* Categories */ = {
			isa = PBXGroup;
			children = (
			);
			name = Categories;
			sourceTree = "<group>";
		};
		335FDF3A1A3BE83D002BDA05 /* Resource */ = {
			isa = PBXGroup;
			children = (
				6F2069E61A51106300B398C6 /* sound */,
			);
			name = Resource;
			sourceTree = "<group>";
		};
		338499F01A3D1B0900AC121E /* asihttp */ = {
			isa = PBXGroup;
			children = (
				338499F11A3D1B0900AC121E /* ASIAuthenticationDialog.h */,
				338499F21A3D1B0900AC121E /* ASIAuthenticationDialog.m */,
				338499F31A3D1B0900AC121E /* ASICacheDelegate.h */,
				338499F41A3D1B0900AC121E /* ASIDataCompressor.h */,
				338499F51A3D1B0900AC121E /* ASIDataCompressor.m */,
				338499F61A3D1B0900AC121E /* ASIDataDecompressor.h */,
				338499F71A3D1B0900AC121E /* ASIDataDecompressor.m */,
				338499F81A3D1B0900AC121E /* ASIDownloadCache.h */,
				338499F91A3D1B0900AC121E /* ASIDownloadCache.m */,
				338499FA1A3D1B0900AC121E /* ASIFormDataRequest.h */,
				338499FB1A3D1B0900AC121E /* ASIFormDataRequest.m */,
				338499FC1A3D1B0900AC121E /* ASIHTTPRequest.h */,
				338499FD1A3D1B0900AC121E /* ASIHTTPRequest.m */,
				338499FE1A3D1B0900AC121E /* ASIHTTPRequestConfig.h */,
				338499FF1A3D1B0900AC121E /* ASIHTTPRequestDelegate.h */,
				33849A001A3D1B0900AC121E /* ASIInputStream.h */,
				33849A011A3D1B0900AC121E /* ASIInputStream.m */,
				33849A021A3D1B0900AC121E /* ASINetworkQueue.h */,
				33849A031A3D1B0900AC121E /* ASINetworkQueue.m */,
				33849A041A3D1B0900AC121E /* ASIProgressDelegate.h */,
				33849A051A3D1B0900AC121E /* ASIWebPageRequest */,
				33849A081A3D1B0900AC121E /* CloudFiles */,
				33849A171A3D1B0900AC121E /* S3 */,
			);
			name = asihttp;
			path = Network/asihttp;
			sourceTree = "<group>";
		};
		33849A051A3D1B0900AC121E /* ASIWebPageRequest */ = {
			isa = PBXGroup;
			children = (
				33849A061A3D1B0900AC121E /* ASIWebPageRequest.h */,
				33849A071A3D1B0900AC121E /* ASIWebPageRequest.m */,
			);
			path = ASIWebPageRequest;
			sourceTree = "<group>";
		};
		33849A081A3D1B0900AC121E /* CloudFiles */ = {
			isa = PBXGroup;
			children = (
				33849A091A3D1B0900AC121E /* ASICloudFilesCDNRequest.h */,
				33849A0A1A3D1B0900AC121E /* ASICloudFilesCDNRequest.m */,
				33849A0B1A3D1B0900AC121E /* ASICloudFilesContainer.h */,
				33849A0C1A3D1B0900AC121E /* ASICloudFilesContainer.m */,
				33849A0D1A3D1B0900AC121E /* ASICloudFilesContainerRequest.h */,
				33849A0E1A3D1B0900AC121E /* ASICloudFilesContainerRequest.m */,
				33849A0F1A3D1B0900AC121E /* ASICloudFilesContainerXMLParserDelegate.h */,
				33849A101A3D1B0900AC121E /* ASICloudFilesContainerXMLParserDelegate.m */,
				33849A111A3D1B0900AC121E /* ASICloudFilesObject.h */,
				33849A121A3D1B0900AC121E /* ASICloudFilesObject.m */,
				33849A131A3D1B0900AC121E /* ASICloudFilesObjectRequest.h */,
				33849A141A3D1B0900AC121E /* ASICloudFilesObjectRequest.m */,
				33849A151A3D1B0900AC121E /* ASICloudFilesRequest.h */,
				33849A161A3D1B0900AC121E /* ASICloudFilesRequest.m */,
			);
			path = CloudFiles;
			sourceTree = "<group>";
		};
		33849A171A3D1B0900AC121E /* S3 */ = {
			isa = PBXGroup;
			children = (
				33849A181A3D1B0900AC121E /* ASINSXMLParserCompat.h */,
				33849A191A3D1B0900AC121E /* ASIS3Bucket.h */,
				33849A1A1A3D1B0900AC121E /* ASIS3Bucket.m */,
				33849A1B1A3D1B0900AC121E /* ASIS3BucketObject.h */,
				33849A1C1A3D1B0900AC121E /* ASIS3BucketObject.m */,
				33849A1D1A3D1B0900AC121E /* ASIS3BucketRequest.h */,
				33849A1E1A3D1B0900AC121E /* ASIS3BucketRequest.m */,
				33849A1F1A3D1B0900AC121E /* ASIS3ObjectRequest.h */,
				33849A201A3D1B0900AC121E /* ASIS3ObjectRequest.m */,
				33849A211A3D1B0900AC121E /* ASIS3Request.h */,
				33849A221A3D1B0900AC121E /* ASIS3Request.m */,
				33849A231A3D1B0900AC121E /* ASIS3ServiceRequest.h */,
				33849A241A3D1B0900AC121E /* ASIS3ServiceRequest.m */,
			);
			path = S3;
			sourceTree = "<group>";
		};
		33849A401A3D1D7200AC121E /* frameworks */ = {
			isa = PBXGroup;
			children = (
				33849A4B1A3D24AF00AC121E /* libz.dylib */,
				33849A491A3D244100AC121E /* CFNetwork.framework */,
				33849A3E1A3D1D5500AC121E /* libxml2.dylib */,
			);
			name = frameworks;
			sourceTree = "<group>";
		};
		33849A451A3D233B00AC121E /* Reachability */ = {
			isa = PBXGroup;
			children = (
				33849A461A3D233B00AC121E /* Reachability.h */,
				33849A471A3D233B00AC121E /* Reachability.m */,
			);
			name = Reachability;
			path = Utils/Reachability;
			sourceTree = "<group>";
		};
		339A32751A3D7A7E00E0316A /* SVProgressHUD */ = {
			isa = PBXGroup;
			children = (
				339A32761A3D7A7E00E0316A /* SVProgressHUD.bundle */,
				339A32771A3D7A7E00E0316A /* SVProgressHUD.h */,
				339A32781A3D7A7E00E0316A /* SVProgressHUD.m */,
			);
			name = SVProgressHUD;
			path = Utils/SVProgressHUD;
			sourceTree = "<group>";
		};
		6F2069E61A51106300B398C6 /* sound */ = {
			isa = PBXGroup;
			children = (
				6F2069E71A51107600B398C6 /* dudu.m4a */,
				6F2069E81A51107600B398C6 /* ringing.m4a */,
			);
			name = sound;
			sourceTree = "<group>";
		};
		6F2B2A3C1A6520F40026CFDC /* messageList */ = {
			isa = PBXGroup;
			children = (
				6F5829371A663BD8001B6225 /* messageCell.h */,
				6F5829381A663BD8001B6225 /* messageCell.m */,
			);
			name = messageList;
			sourceTree = "<group>";
		};
		87738480528D089FBA82A072 /* Pods */ = {
			isa = PBXGroup;
			children = (
				B60B57C18BFC14E3A8A8BB53 /* Pods.debug.xcconfig */,
				5696BCDDEFF88D2C624C8073 /* Pods.release.xcconfig */,
			);
			name = Pods;
			sourceTree = "<group>";
		};
		B8C6FDBEF802FD0E04D48B87 /* Frameworks */ = {
			isa = PBXGroup;
			children = (
				DB199E6346C1EA247319435B /* libPods.a */,
			);
			name = Frameworks;
			sourceTree = "<group>";
		};
/* End PBXGroup section */

/* Begin PBXNativeTarget section */
		335423041A285E0C00AFA31F /* goldpush */ = {
			isa = PBXNativeTarget;
			buildConfigurationList = 335423281A285E0C00AFA31F /* Build configuration list for PBXNativeTarget "goldpush" */;
			buildPhases = (
				709D0FEBE538E7A5FA0F602B /* Check Pods Manifest.lock */,
				335423011A285E0C00AFA31F /* Sources */,
				335423021A285E0C00AFA31F /* Frameworks */,
				335423031A285E0C00AFA31F /* Resources */,
				211A1DE94B953E7B33CDD31C /* Copy Pods Resources */,
			);
			buildRules = (
			);
			dependencies = (
			);
			name = goldpush;
			productName = goldpush;
			productReference = 335423051A285E0C00AFA31F /* goldpush.app */;
			productType = "com.apple.product-type.application";
		};
		3354231D1A285E0C00AFA31F /* goldpushTests */ = {
			isa = PBXNativeTarget;
			buildConfigurationList = 3354232B1A285E0C00AFA31F /* Build configuration list for PBXNativeTarget "goldpushTests" */;
			buildPhases = (
				3354231A1A285E0C00AFA31F /* Sources */,
				3354231B1A285E0C00AFA31F /* Frameworks */,
				3354231C1A285E0C00AFA31F /* Resources */,
			);
			buildRules = (
			);
			dependencies = (
				335423201A285E0C00AFA31F /* PBXTargetDependency */,
			);
			name = goldpushTests;
			productName = goldpushTests;
			productReference = 3354231E1A285E0C00AFA31F /* goldpushTests.xctest */;
			productType = "com.apple.product-type.bundle.unit-test";
		};
/* End PBXNativeTarget section */

/* Begin PBXProject section */
		335422FD1A285E0C00AFA31F /* Project object */ = {
			isa = PBXProject;
			attributes = {
				LastUpgradeCheck = 0610;
				ORGANIZATIONNAME = gump;
				TargetAttributes = {
					335423041A285E0C00AFA31F = {
						CreatedOnToolsVersion = 6.1;
					};
					3354231D1A285E0C00AFA31F = {
						CreatedOnToolsVersion = 6.1;
						TestTargetID = 335423041A285E0C00AFA31F;
					};
				};
			};
			buildConfigurationList = 335423001A285E0C00AFA31F /* Build configuration list for PBXProject "goldpush" */;
			compatibilityVersion = "Xcode 3.2";
			developmentRegion = English;
			hasScannedForEncodings = 0;
			knownRegions = (
				en,
				Base,
			);
			mainGroup = 335422FC1A285E0C00AFA31F;
			productRefGroup = 335423061A285E0C00AFA31F /* Products */;
			projectDirPath = "";
			projectRoot = "";
			targets = (
				335423041A285E0C00AFA31F /* goldpush */,
				3354231D1A285E0C00AFA31F /* goldpushTests */,
			);
		};
/* End PBXProject section */

/* Begin PBXResourcesBuildPhase section */
		335423031A285E0C00AFA31F /* Resources */ = {
			isa = PBXResourcesBuildPhase;
			buildActionMask = 2147483647;
			files = (
				335423161A285E0C00AFA31F /* Images.xcassets in Resources */,
				6F2069EA1A51107600B398C6 /* ringing.m4a in Resources */,
				6F2069E91A51107600B398C6 /* dudu.m4a in Resources */,
				339A32791A3D7A7E00E0316A /* SVProgressHUD.bundle in Resources */,
			);
			runOnlyForDeploymentPostprocessing = 0;
		};
		3354231C1A285E0C00AFA31F /* Resources */ = {
			isa = PBXResourcesBuildPhase;
			buildActionMask = 2147483647;
			files = (
			);
			runOnlyForDeploymentPostprocessing = 0;
		};
/* End PBXResourcesBuildPhase section */

/* Begin PBXShellScriptBuildPhase section */
		211A1DE94B953E7B33CDD31C /* Copy Pods Resources */ = {
			isa = PBXShellScriptBuildPhase;
			buildActionMask = 2147483647;
			files = (
			);
			inputPaths = (
			);
			name = "Copy Pods Resources";
			outputPaths = (
			);
			runOnlyForDeploymentPostprocessing = 0;
			shellPath = /bin/sh;
			shellScript = "\"${SRCROOT}/Pods/Target Support Files/Pods/Pods-resources.sh\"\n";
			showEnvVarsInLog = 0;
		};
		709D0FEBE538E7A5FA0F602B /* Check Pods Manifest.lock */ = {
			isa = PBXShellScriptBuildPhase;
			buildActionMask = 2147483647;
			files = (
			);
			inputPaths = (
			);
			name = "Check Pods Manifest.lock";
			outputPaths = (
			);
			runOnlyForDeploymentPostprocessing = 0;
			shellPath = /bin/sh;
			shellScript = "diff \"${PODS_ROOT}/../Podfile.lock\" \"${PODS_ROOT}/Manifest.lock\" > /dev/null\nif [[ $? != 0 ]] ; then\n    cat << EOM\nerror: The sandbox is not in sync with the Podfile.lock. Run 'pod install' or update your CocoaPods installation.\nEOM\n    exit 1\nfi\n";
			showEnvVarsInLog = 0;
		};
/* End PBXShellScriptBuildPhase section */

/* Begin PBXSourcesBuildPhase section */
		335423011A285E0C00AFA31F /* Sources */ = {
			isa = PBXSourcesBuildPhase;
			buildActionMask = 2147483647;
			files = (
				33849A261A3D1B0900AC121E /* ASIDataCompressor.m in Sources */,
				33849A331A3D1B0900AC121E /* ASICloudFilesObjectRequest.m in Sources */,
				33849A381A3D1B0900AC121E /* ASIS3ObjectRequest.m in Sources */,
				335FDF3D1A3BEA44002BDA05 /* AppDelegate.m in Sources */,
				335FDF421A3BEA96002BDA05 /* registViewControl.m in Sources */,
				33849A351A3D1B0900AC121E /* ASIS3Bucket.m in Sources */,
				33849A2E1A3D1B0900AC121E /* ASICloudFilesCDNRequest.m in Sources */,
				6F2B2A321A64F7930026CFDC /* messageModel.m in Sources */,
				6F58293C1A6664A2001B6225 /* getLastMessage.m in Sources */,
				339A327D1A3D842400E0316A /* registModel.m in Sources */,
				33849A251A3D1B0900AC121E /* ASIAuthenticationDialog.m in Sources */,
				33849A311A3D1B0900AC121E /* ASICloudFilesContainerXMLParserDelegate.m in Sources */,
				33849A2F1A3D1B0900AC121E /* ASICloudFilesContainer.m in Sources */,
				33849A481A3D233B00AC121E /* Reachability.m in Sources */,
				33849A2D1A3D1B0900AC121E /* ASIWebPageRequest.m in Sources */,
				33849A3A1A3D1B0900AC121E /* ASIS3ServiceRequest.m in Sources */,
				33849A321A3D1B0900AC121E /* ASICloudFilesObject.m in Sources */,
				339A32701A3D39AB00E0316A /* BaseHandler.m in Sources */,
				6F5829391A663BD8001B6225 /* messageCell.m in Sources */,
				6F6163141A47B80C005A03D3 /* pushHandler.m in Sources */,
				6F6163171A47BE08005A03D3 /* myStorage.m in Sources */,
				6F2B2A3B1A6520C90026CFDC /* messageListViewController.m in Sources */,
				339A32731A3D73E900E0316A /* regist.m in Sources */,
				33849A291A3D1B0900AC121E /* ASIFormDataRequest.m in Sources */,
				33849A271A3D1B0900AC121E /* ASIDataDecompressor.m in Sources */,
				339A327A1A3D7A7E00E0316A /* SVProgressHUD.m in Sources */,
				6F2B2A381A6504D90026CFDC /* messagedb.m in Sources */,
				335FDF431A3BEA96002BDA05 /* ViewController.m in Sources */,
				339A32801A3D884200E0316A /* registHandler.m in Sources */,
				33849A341A3D1B0900AC121E /* ASICloudFilesRequest.m in Sources */,
				33849A3D1A3D1B4000AC121E /* baseRequest.m in Sources */,
				6F2B2A2F1A64F4750026CFDC /* messageHandler.m in Sources */,
				33849A391A3D1B0900AC121E /* ASIS3Request.m in Sources */,
				6F2069F01A512B7800B398C6 /* confirmStateHandler.m in Sources */,
				33849A2B1A3D1B0900AC121E /* ASIInputStream.m in Sources */,
				6F2069ED1A5127F900B398C6 /* confirmState.m in Sources */,
				33849A2C1A3D1B0900AC121E /* ASINetworkQueue.m in Sources */,
				6F2B2A351A64FA520026CFDC /* db.m in Sources */,
				6F5829361A660DE5001B6225 /* getMessage.m in Sources */,
				6F2069F31A512CD500B398C6 /* stateModel.m in Sources */,
				33849A2A1A3D1B0900AC121E /* ASIHTTPRequest.m in Sources */,
				33849A301A3D1B0900AC121E /* ASICloudFilesContainerRequest.m in Sources */,
				33849A281A3D1B0900AC121E /* ASIDownloadCache.m in Sources */,
				33849A371A3D1B0900AC121E /* ASIS3BucketRequest.m in Sources */,
				33849A361A3D1B0900AC121E /* ASIS3BucketObject.m in Sources */,
				3354230B1A285E0C00AFA31F /* main.m in Sources */,
			);
			runOnlyForDeploymentPostprocessing = 0;
		};
		3354231A1A285E0C00AFA31F /* Sources */ = {
			isa = PBXSourcesBuildPhase;
			buildActionMask = 2147483647;
			files = (
				335423251A285E0C00AFA31F /* goldpushTests.m in Sources */,
			);
			runOnlyForDeploymentPostprocessing = 0;
		};
/* End PBXSourcesBuildPhase section */

/* Begin PBXTargetDependency section */
		335423201A285E0C00AFA31F /* PBXTargetDependency */ = {
			isa = PBXTargetDependency;
			target = 335423041A285E0C00AFA31F /* goldpush */;
			targetProxy = 3354231F1A285E0C00AFA31F /* PBXContainerItemProxy */;
		};
/* End PBXTargetDependency section */

/* Begin XCBuildConfiguration section */
		335423261A285E0C00AFA31F /* Debug */ = {
			isa = XCBuildConfiguration;
			buildSettings = {
				ALWAYS_SEARCH_USER_PATHS = NO;
				CLANG_CXX_LANGUAGE_STANDARD = "gnu++0x";
				CLANG_CXX_LIBRARY = "libc++";
				CLANG_ENABLE_MODULES = YES;
				CLANG_ENABLE_OBJC_ARC = YES;
				CLANG_WARN_BOOL_CONVERSION = YES;
				CLANG_WARN_CONSTANT_CONVERSION = YES;
				CLANG_WARN_DIRECT_OBJC_ISA_USAGE = YES_ERROR;
				CLANG_WARN_EMPTY_BODY = YES;
				CLANG_WARN_ENUM_CONVERSION = YES;
				CLANG_WARN_INT_CONVERSION = YES;
				CLANG_WARN_OBJC_ROOT_CLASS = YES_ERROR;
				CLANG_WARN_UNREACHABLE_CODE = YES;
				CLANG_WARN__DUPLICATE_METHOD_MATCH = YES;
				"CODE_SIGN_IDENTITY[sdk=iphoneos*]" = "iPhone Developer";
				COPY_PHASE_STRIP = NO;
				ENABLE_STRICT_OBJC_MSGSEND = YES;
				GCC_C_LANGUAGE_STANDARD = gnu99;
				GCC_DYNAMIC_NO_PIC = NO;
				GCC_OPTIMIZATION_LEVEL = 0;
				GCC_PREPROCESSOR_DEFINITIONS = (
					"DEBUG=1",
					"$(inherited)",
				);
				GCC_SYMBOLS_PRIVATE_EXTERN = NO;
				GCC_WARN_64_TO_32_BIT_CONVERSION = YES;
				GCC_WARN_ABOUT_RETURN_TYPE = YES_ERROR;
				GCC_WARN_UNDECLARED_SELECTOR = YES;
				GCC_WARN_UNINITIALIZED_AUTOS = YES_AGGRESSIVE;
				GCC_WARN_UNUSED_FUNCTION = YES;
				GCC_WARN_UNUSED_VARIABLE = YES;
				IPHONEOS_DEPLOYMENT_TARGET = 8.1;
				MTL_ENABLE_DEBUG_INFO = YES;
				ONLY_ACTIVE_ARCH = YES;
				SDKROOT = iphoneos;
				TARGETED_DEVICE_FAMILY = "1,2";
			};
			name = Debug;
		};
		335423271A285E0C00AFA31F /* Release */ = {
			isa = XCBuildConfiguration;
			buildSettings = {
				ALWAYS_SEARCH_USER_PATHS = NO;
				CLANG_CXX_LANGUAGE_STANDARD = "gnu++0x";
				CLANG_CXX_LIBRARY = "libc++";
				CLANG_ENABLE_MODULES = YES;
				CLANG_ENABLE_OBJC_ARC = YES;
				CLANG_WARN_BOOL_CONVERSION = YES;
				CLANG_WARN_CONSTANT_CONVERSION = YES;
				CLANG_WARN_DIRECT_OBJC_ISA_USAGE = YES_ERROR;
				CLANG_WARN_EMPTY_BODY = YES;
				CLANG_WARN_ENUM_CONVERSION = YES;
				CLANG_WARN_INT_CONVERSION = YES;
				CLANG_WARN_OBJC_ROOT_CLASS = YES_ERROR;
				CLANG_WARN_UNREACHABLE_CODE = YES;
				CLANG_WARN__DUPLICATE_METHOD_MATCH = YES;
				"CODE_SIGN_IDENTITY[sdk=iphoneos*]" = "iPhone Developer";
				COPY_PHASE_STRIP = YES;
				ENABLE_NS_ASSERTIONS = NO;
				ENABLE_STRICT_OBJC_MSGSEND = YES;
				GCC_C_LANGUAGE_STANDARD = gnu99;
				GCC_WARN_64_TO_32_BIT_CONVERSION = YES;
				GCC_WARN_ABOUT_RETURN_TYPE = YES_ERROR;
				GCC_WARN_UNDECLARED_SELECTOR = YES;
				GCC_WARN_UNINITIALIZED_AUTOS = YES_AGGRESSIVE;
				GCC_WARN_UNUSED_FUNCTION = YES;
				GCC_WARN_UNUSED_VARIABLE = YES;
				IPHONEOS_DEPLOYMENT_TARGET = 8.1;
				MTL_ENABLE_DEBUG_INFO = NO;
				SDKROOT = iphoneos;
				TARGETED_DEVICE_FAMILY = "1,2";
				VALIDATE_PRODUCT = YES;
			};
			name = Release;
		};
		335423291A285E0C00AFA31F /* Debug */ = {
			isa = XCBuildConfiguration;
			baseConfigurationReference = B60B57C18BFC14E3A8A8BB53 /* Pods.debug.xcconfig */;
			buildSettings = {
				ASSETCATALOG_COMPILER_APPICON_NAME = AppIcon;
				CODE_SIGN_IDENTITY = "iPhone Developer: gu tao (257323LB6C)";
				"CODE_SIGN_IDENTITY[sdk=iphoneos*]" = "iPhone Developer: gu tao (257323LB6C)";
				GCC_PRECOMPILE_PREFIX_HEADER = YES;
				GCC_PREFIX_HEADER = "goldpush/todayios-Prefix.pch";
				HEADER_SEARCH_PATHS = (
					"$(inherited)",
					/Applications/Xcode.app/Contents/Developer/Toolchains/XcodeDefault.xctoolchain/usr/include,
					"${SDK_DIR}/usr/include/libxml2",
				);
				INFOPLIST_FILE = goldpush/Info.plist;
				IPHONEOS_DEPLOYMENT_TARGET = 7.1;
				LD_RUNPATH_SEARCH_PATHS = "$(inherited) @executable_path/Frameworks";
				PRODUCT_NAME = "$(TARGET_NAME)";
				PROVISIONING_PROFILE = "708d87ef-cbbf-41a3-89ed-84da389b328f";
				TARGETED_DEVICE_FAMILY = 1;
				VALID_ARCHS = "armv7 armv7s arm64";
			};
			name = Debug;
		};
		3354232A1A285E0C00AFA31F /* Release */ = {
			isa = XCBuildConfiguration;
			baseConfigurationReference = 5696BCDDEFF88D2C624C8073 /* Pods.release.xcconfig */;
			buildSettings = {
				ASSETCATALOG_COMPILER_APPICON_NAME = AppIcon;
				CODE_SIGN_IDENTITY = "iPhone Developer: gu tao (257323LB6C)";
				"CODE_SIGN_IDENTITY[sdk=iphoneos*]" = "iPhone Developer: gu tao (257323LB6C)";
				GCC_PRECOMPILE_PREFIX_HEADER = YES;
				GCC_PREFIX_HEADER = "goldpush/todayios-Prefix.pch";
				HEADER_SEARCH_PATHS = (
					"$(inherited)",
					/Applications/Xcode.app/Contents/Developer/Toolchains/XcodeDefault.xctoolchain/usr/include,
					"${SDK_DIR}/usr/include/libxml2",
				);
				INFOPLIST_FILE = goldpush/Info.plist;
				IPHONEOS_DEPLOYMENT_TARGET = 7.1;
				LD_RUNPATH_SEARCH_PATHS = "$(inherited) @executable_path/Frameworks";
				PRODUCT_NAME = "$(TARGET_NAME)";
				PROVISIONING_PROFILE = "708d87ef-cbbf-41a3-89ed-84da389b328f";
				TARGETED_DEVICE_FAMILY = 1;
				VALID_ARCHS = "armv7 armv7s arm64";
			};
			name = Release;
		};
		3354232C1A285E0C00AFA31F /* Debug */ = {
			isa = XCBuildConfiguration;
			buildSettings = {
				BUNDLE_LOADER = "$(TEST_HOST)";
				FRAMEWORK_SEARCH_PATHS = (
					"$(SDKROOT)/Developer/Library/Frameworks",
					"$(inherited)",
				);
				GCC_PREPROCESSOR_DEFINITIONS = (
					"DEBUG=1",
					"$(inherited)",
				);
				INFOPLIST_FILE = goldpushTests/Info.plist;
				LD_RUNPATH_SEARCH_PATHS = "$(inherited) @executable_path/Frameworks @loader_path/Frameworks";
				PRODUCT_NAME = "$(TARGET_NAME)";
				TEST_HOST = "$(BUILT_PRODUCTS_DIR)/goldpush.app/goldpush";
			};
			name = Debug;
		};
		3354232D1A285E0C00AFA31F /* Release */ = {
			isa = XCBuildConfiguration;
			buildSettings = {
				BUNDLE_LOADER = "$(TEST_HOST)";
				FRAMEWORK_SEARCH_PATHS = (
					"$(SDKROOT)/Developer/Library/Frameworks",
					"$(inherited)",
				);
				INFOPLIST_FILE = goldpushTests/Info.plist;
				LD_RUNPATH_SEARCH_PATHS = "$(inherited) @executable_path/Frameworks @loader_path/Frameworks";
				PRODUCT_NAME = "$(TARGET_NAME)";
				TEST_HOST = "$(BUILT_PRODUCTS_DIR)/goldpush.app/goldpush";
			};
			name = Release;
		};
/* End XCBuildConfiguration section */

/* Begin XCConfigurationList section */
		335423001A285E0C00AFA31F /* Build configuration list for PBXProject "goldpush" */ = {
			isa = XCConfigurationList;
			buildConfigurations = (
				335423261A285E0C00AFA31F /* Debug */,
				335423271A285E0C00AFA31F /* Release */,
			);
			defaultConfigurationIsVisible = 0;
			defaultConfigurationName = Release;
		};
		335423281A285E0C00AFA31F /* Build configuration list for PBXNativeTarget "goldpush" */ = {
			isa = XCConfigurationList;
			buildConfigurations = (
				335423291A285E0C00AFA31F /* Debug */,
				3354232A1A285E0C00AFA31F /* Release */,
			);
			defaultConfigurationIsVisible = 0;
			defaultConfigurationName = Release;
		};
		3354232B1A285E0C00AFA31F /* Build configuration list for PBXNativeTarget "goldpushTests" */ = {
			isa = XCConfigurationList;
			buildConfigurations = (
				3354232C1A285E0C00AFA31F /* Debug */,
				3354232D1A285E0C00AFA31F /* Release */,
			);
			defaultConfigurationIsVisible = 0;
			defaultConfigurationName = Release;
		};
/* End XCConfigurationList section */
	};
	rootObject = 335422FD1A285E0C00AFA31F /* Project object */;
}
